
Microsoft Visual Studio Solution File, Format Version 12.00
# Visual Studio Version 17
VisualStudioVersion = 17.14.36603.0
MinimumVisualStudioVersion = 10.0.40219.1
Project("{FAE04EC0-301F-11D3-BF4B-00C04F79EFBC}") = "TODO.FIrst.App", "TODO.FIrst.App.csproj", "{FD770A9A-2338-4851-AEDC-739316A2D964}"
EndProject
Project("{FAE04EC0-301F-11D3-BF4B-00C04F79EFBC}") = "TODO_Repository", "..\TODO_Repository\TODO_Repository.csproj", "{EBC63081-BB5E-4CDF-B12D-A2BACF83C08C}"
EndProject
Global
	GlobalSection(SolutionConfigurationPlatforms) = preSolution
		Debug|Any CPU = Debug|Any CPU
		Release|Any CPU = Release|Any CPU
	EndGlobalSection
	GlobalSection(ProjectConfigurationPlatforms) = postSolution
		{FD770A9A-2338-4851-AEDC-739316A2D964}.Debug|Any CPU.ActiveCfg = Debug|Any CPU
		{FD770A9A-2338-4851-AEDC-739316A2D964}.Debug|Any CPU.Build.0 = Debug|Any CPU
		{FD770A9A-2338-4851-AEDC-739316A2D964}.Release|Any CPU.ActiveCfg = Release|Any CPU
		{FD770A9A-2338-4851-AEDC-739316A2D964}.Release|Any CPU.Build.0 = Release|Any CPU
		{EBC63081-BB5E-4CDF-B12D-A2BACF83C08C}.Debug|Any CPU.ActiveCfg = Debug|Any CPU
		{EBC63081-BB5E-4CDF-B12D-A2BACF83C08C}.Debug|Any CPU.Build.0 = Debug|Any CPU
		{EBC63081-BB5E-4CDF-B12D-A2BACF83C08C}.Release|Any CPU.ActiveCfg = Release|Any CPU
		{EBC63081-BB5E-4CDF-B12D-A2BACF83C08C}.Release|Any CPU.Build.0 = Release|Any CPU
	EndGlobalSection
	GlobalSection(SolutionProperties) = preSolution
		HideSolutionNode = FALSE
	EndGlobalSection
	GlobalSection(ExtensibilityGlobals) = postSolution
		SolutionGuid = {7FA96AA9-8E2C-4CFB-85CE-EF0F152FB8E8}
	EndGlobalSection
EndGlobal
